// !$*UTF8*$!
{
	archiveVersion = 1;
	classes = {
	};
	objectVersion = 50;
	objects = {

/* Begin PBXBuildFile section */
		871FA21225614A9200913550 /* ModuleBuilder.swift in Sources */ = {isa = PBXBuildFile; fileRef = 871FA21125614A9200913550 /* ModuleBuilder.swift */; };
		871FA21D25618BDD00913550 /* EditCarPresenter.swift in Sources */ = {isa = PBXBuildFile; fileRef = 871FA21C25618BDD00913550 /* EditCarPresenter.swift */; };
		871FA22125618D3700913550 /* EditCarAlertController.swift in Sources */ = {isa = PBXBuildFile; fileRef = 87621DB125153B7C00EB14D3 /* EditCarAlertController.swift */; };
		876AF07725154AD40016E5C8 /* Car.swift in Sources */ = {isa = PBXBuildFile; fileRef = 876AF07625154AD40016E5C8 /* Car.swift */; };
		876AF07A25154E1F0016E5C8 /* NSObject.swift in Sources */ = {isa = PBXBuildFile; fileRef = 876AF07925154E1F0016E5C8 /* NSObject.swift */; };
		87BCD4452514FD9D00646A40 /* AppDelegate.swift in Sources */ = {isa = PBXBuildFile; fileRef = 87BCD4442514FD9D00646A40 /* AppDelegate.swift */; };
		87BCD44E2514FDA200646A40 /* Assets.xcassets in Resources */ = {isa = PBXBuildFile; fileRef = 87BCD44D2514FDA200646A40 /* Assets.xcassets */; };
		87BCD4512514FDA200646A40 /* LaunchScreen.storyboard in Resources */ = {isa = PBXBuildFile; fileRef = 87BCD44F2514FDA200646A40 /* LaunchScreen.storyboard */; };
		87BCD47D2515063700646A40 /* Homework5.xcdatamodeld in Sources */ = {isa = PBXBuildFile; fileRef = 87BCD47B2515063700646A40 /* Homework5.xcdatamodeld */; };
		87BCD47F251507B700646A40 /* CoreDataService.swift in Sources */ = {isa = PBXBuildFile; fileRef = 87BCD47E251507B700646A40 /* CoreDataService.swift */; };
		87BCD48125150D4200646A40 /* CarsModel.swift in Sources */ = {isa = PBXBuildFile; fileRef = 87BCD48025150D4200646A40 /* CarsModel.swift */; };
		87BCD48525151C3B00646A40 /* BodyType.swift in Sources */ = {isa = PBXBuildFile; fileRef = 87BCD48425151C3B00646A40 /* BodyType.swift */; };
		87F0E1FB25604186000FCDC9 /* CarsPresenter.swift in Sources */ = {isa = PBXBuildFile; fileRef = 87F0E1FA25604186000FCDC9 /* CarsPresenter.swift */; };
		87F0E1FF2560419F000FCDC9 /* CarsViewController.swift in Sources */ = {isa = PBXBuildFile; fileRef = 87F0E1FE2560419F000FCDC9 /* CarsViewController.swift */; };
		87FD2FA1256107F200058ADF /* CarTableViewCell.swift in Sources */ = {isa = PBXBuildFile; fileRef = 87FD2FA0256107F200058ADF /* CarTableViewCell.swift */; };
		87FD2FA825610ABE00058ADF /* UIView.swift in Sources */ = {isa = PBXBuildFile; fileRef = 87FD2FA725610ABE00058ADF /* UIView.swift */; };
/* End PBXBuildFile section */

/* Begin PBXFileReference section */
		871FA21125614A9200913550 /* ModuleBuilder.swift */ = {isa = PBXFileReference; lastKnownFileType = sourcecode.swift; path = ModuleBuilder.swift; sourceTree = "<group>"; };
		871FA21C25618BDD00913550 /* EditCarPresenter.swift */ = {isa = PBXFileReference; lastKnownFileType = sourcecode.swift; path = EditCarPresenter.swift; sourceTree = "<group>"; };
		87621DB125153B7C00EB14D3 /* EditCarAlertController.swift */ = {isa = PBXFileReference; lastKnownFileType = sourcecode.swift; path = EditCarAlertController.swift; sourceTree = "<group>"; };
		876AF07625154AD40016E5C8 /* Car.swift */ = {isa = PBXFileReference; lastKnownFileType = sourcecode.swift; path = Car.swift; sourceTree = "<group>"; };
		876AF07925154E1F0016E5C8 /* NSObject.swift */ = {isa = PBXFileReference; lastKnownFileType = sourcecode.swift; path = NSObject.swift; sourceTree = "<group>"; };
		87BCD4412514FD9D00646A40 /* Homework5.app */ = {isa = PBXFileReference; explicitFileType = wrapper.application; includeInIndex = 0; path = Homework5.app; sourceTree = BUILT_PRODUCTS_DIR; };
		87BCD4442514FD9D00646A40 /* AppDelegate.swift */ = {isa = PBXFileReference; lastKnownFileType = sourcecode.swift; path = AppDelegate.swift; sourceTree = "<group>"; };
		87BCD44D2514FDA200646A40 /* Assets.xcassets */ = {isa = PBXFileReference; lastKnownFileType = folder.assetcatalog; path = Assets.xcassets; sourceTree = "<group>"; };
		87BCD4502514FDA200646A40 /* Base */ = {isa = PBXFileReference; lastKnownFileType = file.storyboard; name = Base; path = Base.lproj/LaunchScreen.storyboard; sourceTree = "<group>"; };
		87BCD4522514FDA200646A40 /* Info.plist */ = {isa = PBXFileReference; lastKnownFileType = text.plist.xml; path = Info.plist; sourceTree = "<group>"; };
		87BCD47C2515063700646A40 /* CarsCatalog.xcdatamodel */ = {isa = PBXFileReference; lastKnownFileType = wrapper.xcdatamodel; path = CarsCatalog.xcdatamodel; sourceTree = "<group>"; };
		87BCD47E251507B700646A40 /* CoreDataService.swift */ = {isa = PBXFileReference; lastKnownFileType = sourcecode.swift; path = CoreDataService.swift; sourceTree = "<group>"; };
		87BCD48025150D4200646A40 /* CarsModel.swift */ = {isa = PBXFileReference; lastKnownFileType = sourcecode.swift; path = CarsModel.swift; sourceTree = "<group>"; };
		87BCD48425151C3B00646A40 /* BodyType.swift */ = {isa = PBXFileReference; lastKnownFileType = sourcecode.swift; path = BodyType.swift; sourceTree = "<group>"; };
		87F0E1FA25604186000FCDC9 /* CarsPresenter.swift */ = {isa = PBXFileReference; lastKnownFileType = sourcecode.swift; path = CarsPresenter.swift; sourceTree = "<group>"; };
		87F0E1FE2560419F000FCDC9 /* CarsViewController.swift */ = {isa = PBXFileReference; lastKnownFileType = sourcecode.swift; path = CarsViewController.swift; sourceTree = "<group>"; };
		87FD2FA0256107F200058ADF /* CarTableViewCell.swift */ = {isa = PBXFileReference; lastKnownFileType = sourcecode.swift; path = CarTableViewCell.swift; sourceTree = "<group>"; };
		87FD2FA725610ABE00058ADF /* UIView.swift */ = {isa = PBXFileReference; lastKnownFileType = sourcecode.swift; path = UIView.swift; sourceTree = "<group>"; };
/* End PBXFileReference section */

/* Begin PBXFrameworksBuildPhase section */
		87BCD43E2514FD9D00646A40 /* Frameworks */ = {
			isa = PBXFrameworksBuildPhase;
			buildActionMask = 2147483647;
			files = (
			);
			runOnlyForDeploymentPostprocessing = 0;
		};
/* End PBXFrameworksBuildPhase section */

/* Begin PBXGroup section */
		872EE03725696BD2002C3BFC /* Cars Module */ = {
			isa = PBXGroup;
			children = (
				87F0E1FA25604186000FCDC9 /* CarsPresenter.swift */,
				87F0E1FE2560419F000FCDC9 /* CarsViewController.swift */,
				87FD2FA0256107F200058ADF /* CarTableViewCell.swift */,
			);
			path = "Cars Module";
			sourceTree = "<group>";
		};
		872EE03825696BDC002C3BFC /* Edit Car Module */ = {
			isa = PBXGroup;
			children = (
				871FA21C25618BDD00913550 /* EditCarPresenter.swift */,
				87621DB125153B7C00EB14D3 /* EditCarAlertController.swift */,
			);
			path = "Edit Car Module";
			sourceTree = "<group>";
		};
		875C867D251674D300E34BE8 /* Model */ = {
			isa = PBXGroup;
			children = (
				87BCD48025150D4200646A40 /* CarsModel.swift */,
				876AF07625154AD40016E5C8 /* Car.swift */,
				87BCD48425151C3B00646A40 /* BodyType.swift */,
			);
			path = Model;
			sourceTree = "<group>";
		};
		876AF07825154E0B0016E5C8 /* Extensions */ = {
			isa = PBXGroup;
			children = (
				876AF07925154E1F0016E5C8 /* NSObject.swift */,
				87FD2FA725610ABE00058ADF /* UIView.swift */,
			);
			path = Extensions;
			sourceTree = "<group>";
		};
		879C0FC825611B8600AA23AA /* Services */ = {
			isa = PBXGroup;
			children = (
				87BCD47E251507B700646A40 /* CoreDataService.swift */,
			);
			path = Services;
			sourceTree = "<group>";
		};
		87BCD4382514FD9D00646A40 = {
			isa = PBXGroup;
			children = (
				87BCD4432514FD9D00646A40 /* Homework5 */,
				87BCD4422514FD9D00646A40 /* Products */,
			);
			sourceTree = "<group>";
		};
		87BCD4422514FD9D00646A40 /* Products */ = {
			isa = PBXGroup;
			children = (
				87BCD4412514FD9D00646A40 /* Homework5.app */,
			);
			name = Products;
			sourceTree = "<group>";
		};
		87BCD4432514FD9D00646A40 /* Homework5 */ = {
			isa = PBXGroup;
			children = (
				87BCD4442514FD9D00646A40 /* AppDelegate.swift */,
				871FA21125614A9200913550 /* ModuleBuilder.swift */,
				872EE03725696BD2002C3BFC /* Cars Module */,
				872EE03825696BDC002C3BFC /* Edit Car Module */,
				875C867D251674D300E34BE8 /* Model */,
				879C0FC825611B8600AA23AA /* Services */,
				876AF07825154E0B0016E5C8 /* Extensions */,
				87BCD44D2514FDA200646A40 /* Assets.xcassets */,
				87BCD44F2514FDA200646A40 /* LaunchScreen.storyboard */,
				87BCD4522514FDA200646A40 /* Info.plist */,
				87BCD47B2515063700646A40 /* Homework5.xcdatamodeld */,
			);
			path = Homework5;
			sourceTree = "<group>";
		};
/* End PBXGroup section */

/* Begin PBXNativeTarget section */
		87BCD4402514FD9D00646A40 /* Homework5 */ = {
			isa = PBXNativeTarget;
			buildConfigurationList = 87BCD4552514FDA200646A40 /* Build configuration list for PBXNativeTarget "Homework5" */;
			buildPhases = (
				87BCD43D2514FD9D00646A40 /* Sources */,
				87BCD43E2514FD9D00646A40 /* Frameworks */,
				87BCD43F2514FD9D00646A40 /* Resources */,
			);
			buildRules = (
			);
			dependencies = (
			);
			name = Homework5;
			productName = CarsCatalog;
			productReference = 87BCD4412514FD9D00646A40 /* Homework5.app */;
			productType = "com.apple.product-type.application";
		};
/* End PBXNativeTarget section */

/* Begin PBXProject section */
		87BCD4392514FD9D00646A40 /* Project object */ = {
			isa = PBXProject;
			attributes = {
				LastSwiftUpdateCheck = 1150;
				LastUpgradeCheck = 1150;
				TargetAttributes = {
					87BCD4402514FD9D00646A40 = {
						CreatedOnToolsVersion = 11.5;
					};
				};
			};
			buildConfigurationList = 87BCD43C2514FD9D00646A40 /* Build configuration list for PBXProject "Homework5" */;
			compatibilityVersion = "Xcode 9.3";
			developmentRegion = ru;
			hasScannedForEncodings = 0;
			knownRegions = (
				ru,
				Base,
			);
			mainGroup = 87BCD4382514FD9D00646A40;
			productRefGroup = 87BCD4422514FD9D00646A40 /* Products */;
			projectDirPath = "";
			projectRoot = "";
			targets = (
				87BCD4402514FD9D00646A40 /* Homework5 */,
			);
		};
/* End PBXProject section */

/* Begin PBXResourcesBuildPhase section */
		87BCD43F2514FD9D00646A40 /* Resources */ = {
			isa = PBXResourcesBuildPhase;
			buildActionMask = 2147483647;
			files = (
				87BCD4512514FDA200646A40 /* LaunchScreen.storyboard in Resources */,
				87BCD44E2514FDA200646A40 /* Assets.xcassets in Resources */,
			);
			runOnlyForDeploymentPostprocessing = 0;
		};
/* End PBXResourcesBuildPhase section */

/* Begin PBXSourcesBuildPhase section */
		87BCD43D2514FD9D00646A40 /* Sources */ = {
			isa = PBXSourcesBuildPhase;
			buildActionMask = 2147483647;
			files = (
				87FD2FA825610ABE00058ADF /* UIView.swift in Sources */,
				871FA21D25618BDD00913550 /* EditCarPresenter.swift in Sources */,
				87BCD47F251507B700646A40 /* CoreDataService.swift in Sources */,
				871FA22125618D3700913550 /* EditCarAlertController.swift in Sources */,
				87BCD47D2515063700646A40 /* Homework5.xcdatamodeld in Sources */,
				87FD2FA1256107F200058ADF /* CarTableViewCell.swift in Sources */,
				876AF07725154AD40016E5C8 /* Car.swift in Sources */,
				876AF07A25154E1F0016E5C8 /* NSObject.swift in Sources */,
				87F0E1FB25604186000FCDC9 /* CarsPresenter.swift in Sources */,
				87BCD48525151C3B00646A40 /* BodyType.swift in Sources */,
				87BCD4452514FD9D00646A40 /* AppDelegate.swift in Sources */,
				871FA21225614A9200913550 /* ModuleBuilder.swift in Sources */,
				87BCD48125150D4200646A40 /* CarsModel.swift in Sources */,
				87F0E1FF2560419F000FCDC9 /* CarsViewController.swift in Sources */,
			);
			runOnlyForDeploymentPostprocessing = 0;
		};
/* End PBXSourcesBuildPhase section */

/* Begin PBXVariantGroup section */
		87BCD44F2514FDA200646A40 /* LaunchScreen.storyboard */ = {
			isa = PBXVariantGroup;
			children = (
				87BCD4502514FDA200646A40 /* Base */,
			);
			name = LaunchScreen.storyboard;
			sourceTree = "<group>";
		};
/* End PBXVariantGroup section */

/* Begin XCBuildConfiguration section */
		87BCD4532514FDA200646A40 /* Debug */ = {
			isa = XCBuildConfiguration;
			buildSettings = {
				ALWAYS_SEARCH_USER_PATHS = NO;
				CLANG_ANALYZER_NONNULL = YES;
				CLANG_ANALYZER_NUMBER_OBJECT_CONVERSION = YES_AGGRESSIVE;
				CLANG_CXX_LANGUAGE_STANDARD = "gnu++14";
				CLANG_CXX_LIBRARY = "libc++";
				CLANG_ENABLE_MODULES = YES;
				CLANG_ENABLE_OBJC_ARC = YES;
				CLANG_ENABLE_OBJC_WEAK = YES;
				CLANG_WARN_BLOCK_CAPTURE_AUTORELEASING = YES;
				CLANG_WARN_BOOL_CONVERSION = YES;
				CLANG_WARN_COMMA = YES;
				CLANG_WARN_CONSTANT_CONVERSION = YES;
				CLANG_WARN_DEPRECATED_OBJC_IMPLEMENTATIONS = YES;
				CLANG_WARN_DIRECT_OBJC_ISA_USAGE = YES_ERROR;
				CLANG_WARN_DOCUMENTATION_COMMENTS = YES;
				CLANG_WARN_EMPTY_BODY = YES;
				CLANG_WARN_ENUM_CONVERSION = YES;
				CLANG_WARN_INFINITE_RECURSION = YES;
				CLANG_WARN_INT_CONVERSION = YES;
				CLANG_WARN_NON_LITERAL_NULL_CONVERSION = YES;
				CLANG_WARN_OBJC_IMPLICIT_RETAIN_SELF = YES;
				CLANG_WARN_OBJC_LITERAL_CONVERSION = YES;
				CLANG_WARN_OBJC_ROOT_CLASS = YES_ERROR;
				CLANG_WARN_RANGE_LOOP_ANALYSIS = YES;
				CLANG_WARN_STRICT_PROTOTYPES = YES;
				CLANG_WARN_SUSPICIOUS_MOVE = YES;
				CLANG_WARN_UNGUARDED_AVAILABILITY = YES_AGGRESSIVE;
				CLANG_WARN_UNREACHABLE_CODE = YES;
				CLANG_WARN__DUPLICATE_METHOD_MATCH = YES;
				COPY_PHASE_STRIP = NO;
				DEBUG_INFORMATION_FORMAT = dwarf;
				ENABLE_STRICT_OBJC_MSGSEND = YES;
				ENABLE_TESTABILITY = YES;
				GCC_C_LANGUAGE_STANDARD = gnu11;
				GCC_DYNAMIC_NO_PIC = NO;
				GCC_NO_COMMON_BLOCKS = YES;
				GCC_OPTIMIZATION_LEVEL = 0;
				GCC_PREPROCESSOR_DEFINITIONS = (
					"DEBUG=1",
					"$(inherited)",
				);
				GCC_WARN_64_TO_32_BIT_CONVERSION = YES;
				GCC_WARN_ABOUT_RETURN_TYPE = YES_ERROR;
				GCC_WARN_UNDECLARED_SELECTOR = YES;
				GCC_WARN_UNINITIALIZED_AUTOS = YES_AGGRESSIVE;
				GCC_WARN_UNUSED_FUNCTION = YES;
				GCC_WARN_UNUSED_VARIABLE = YES;
				IPHONEOS_DEPLOYMENT_TARGET = 11.0;
				MTL_ENABLE_DEBUG_INFO = INCLUDE_SOURCE;
				MTL_FAST_MATH = YES;
				ONLY_ACTIVE_ARCH = YES;
				SDKROOT = iphoneos;
				SWIFT_ACTIVE_COMPILATION_CONDITIONS = DEBUG;
				SWIFT_OPTIMIZATION_LEVEL = "-Onone";
			};
			name = Debug;
		};
		87BCD4542514FDA200646A40 /* Release */ = {
			isa = XCBuildConfiguration;
			buildSettings = {
				ALWAYS_SEARCH_USER_PATHS = NO;
				CLANG_ANALYZER_NONNULL = YES;
				CLANG_ANALYZER_NUMBER_OBJECT_CONVERSION = YES_AGGRESSIVE;
				CLANG_CXX_LANGUAGE_STANDARD = "gnu++14";
				CLANG_CXX_LIBRARY = "libc++";
				CLANG_ENABLE_MODULES = YES;
				CLANG_ENABLE_OBJC_ARC = YES;
				CLANG_ENABLE_OBJC_WEAK = YES;
				CLANG_WARN_BLOCK_CAPTURE_AUTORELEASING = YES;
				CLANG_WARN_BOOL_CONVERSION = YES;
				CLANG_WARN_COMMA = YES;
				CLANG_WARN_CONSTANT_CONVERSION = YES;
				CLANG_WARN_DEPRECATED_OBJC_IMPLEMENTATIONS = YES;
				CLANG_WARN_DIRECT_OBJC_ISA_USAGE = YES_ERROR;
				CLANG_WARN_DOCUMENTATION_COMMENTS = YES;
				CLANG_WARN_EMPTY_BODY = YES;
				CLANG_WARN_ENUM_CONVERSION = YES;
				CLANG_WARN_INFINITE_RECURSION = YES;
				CLANG_WARN_INT_CONVERSION = YES;
				CLANG_WARN_NON_LITERAL_NULL_CONVERSION = YES;
				CLANG_WARN_OBJC_IMPLICIT_RETAIN_SELF = YES;
				CLANG_WARN_OBJC_LITERAL_CONVERSION = YES;
				CLANG_WARN_OBJC_ROOT_CLASS = YES_ERROR;
				CLANG_WARN_RANGE_LOOP_ANALYSIS = YES;
				CLANG_WARN_STRICT_PROTOTYPES = YES;
				CLANG_WARN_SUSPICIOUS_MOVE = YES;
				CLANG_WARN_UNGUARDED_AVAILABILITY = YES_AGGRESSIVE;
				CLANG_WARN_UNREACHABLE_CODE = YES;
				CLANG_WARN__DUPLICATE_METHOD_MATCH = YES;
				COPY_PHASE_STRIP = NO;
				DEBUG_INFORMATION_FORMAT = "dwarf-with-dsym";
				ENABLE_NS_ASSERTIONS = NO;
				ENABLE_STRICT_OBJC_MSGSEND = YES;
				GCC_C_LANGUAGE_STANDARD = gnu11;
				GCC_NO_COMMON_BLOCKS = YES;
				GCC_WARN_64_TO_32_BIT_CONVERSION = YES;
				GCC_WARN_ABOUT_RETURN_TYPE = YES_ERROR;
				GCC_WARN_UNDECLARED_SELECTOR = YES;
				GCC_WARN_UNINITIALIZED_AUTOS = YES_AGGRESSIVE;
				GCC_WARN_UNUSED_FUNCTION = YES;
				GCC_WARN_UNUSED_VARIABLE = YES;
				IPHONEOS_DEPLOYMENT_TARGET = 11.0;
				MTL_ENABLE_DEBUG_INFO = NO;
				MTL_FAST_MATH = YES;
				SDKROOT = iphoneos;
				SWIFT_COMPILATION_MODE = wholemodule;
				SWIFT_OPTIMIZATION_LEVEL = "-O";
				VALIDATE_PRODUCT = YES;
			};
			name = Release;
		};
		87BCD4562514FDA200646A40 /* Debug */ = {
			isa = XCBuildConfiguration;
			buildSettings = {
				ASSETCATALOG_COMPILER_APPICON_NAME = AppIcon;
				CODE_SIGN_STYLE = Automatic;
				DEVELOPMENT_TEAM = 3W2H78V7Q5;
				INFOPLIST_FILE = Homework5/Info.plist;
				IPHONEOS_DEPLOYMENT_TARGET = 11.0;
				LD_RUNPATH_SEARCH_PATHS = (
					"$(inherited)",
					"@executable_path/Frameworks",
				);
				PRODUCT_BUNDLE_IDENTIFIER = com.test.Homework5;
				PRODUCT_NAME = "$(TARGET_NAME)";
				SWIFT_VERSION = 5.0;
				TARGETED_DEVICE_FAMILY = "1,2";
			};
			name = Debug;
		};
		87BCD4572514FDA200646A40 /* Release */ = {
			isa = XCBuildConfiguration;
			buildSettings = {
				ASSETCATALOG_COMPILER_APPICON_NAME = AppIcon;
				CODE_SIGN_STYLE = Automatic;
				DEVELOPMENT_TEAM = 3W2H78V7Q5;
				INFOPLIST_FILE = Homework5/Info.plist;
				IPHONEOS_DEPLOYMENT_TARGET = 11.0;
				LD_RUNPATH_SEARCH_PATHS = (
					"$(inherited)",
					"@executable_path/Frameworks",
				);
				PRODUCT_BUNDLE_IDENTIFIER = com.test.Homework5;
				PRODUCT_NAME = "$(TARGET_NAME)";
				SWIFT_VERSION = 5.0;
				TARGETED_DEVICE_FAMILY = "1,2";
			};
			name = Release;
		};
/* End XCBuildConfiguration section */

/* Begin XCConfigurationList section */
		87BCD43C2514FD9D00646A40 /* Build configuration list for PBXProject "Homework5" */ = {
			isa = XCConfigurationList;
			buildConfigurations = (
				87BCD4532514FDA200646A40 /* Debug */,
				87BCD4542514FDA200646A40 /* Release */,
			);
			defaultConfigurationIsVisible = 0;
			defaultConfigurationName = Release;
		};
		87BCD4552514FDA200646A40 /* Build configuration list for PBXNativeTarget "Homework5" */ = {
			isa = XCConfigurationList;
			buildConfigurations = (
				87BCD4562514FDA200646A40 /* Debug */,
				87BCD4572514FDA200646A40 /* Release */,
			);
			defaultConfigurationIsVisible = 0;
			defaultConfigurationName = Release;
		};
/* End XCConfigurationList section */

/* Begin XCVersionGroup section */
		87BCD47B2515063700646A40 /* Homework5.xcdatamodeld */ = {
			isa = XCVersionGroup;
			children = (
				87BCD47C2515063700646A40 /* CarsCatalog.xcdatamodel */,
			);
			currentVersion = 87BCD47C2515063700646A40 /* CarsCatalog.xcdatamodel */;
			path = Homework5.xcdatamodeld;
			sourceTree = "<group>";
			versionGroupType = wrapper.xcdatamodel;
		};
/* End XCVersionGroup section */
	};
	rootObject = 87BCD4392514FD9D00646A40 /* Project object */;
}
